
Microsoft Visual Studio Solution File, Format Version 12.00
# Visual Studio 14
VisualStudioVersion = 14.0.23107.0
MinimumVisualStudioVersion = 10.0.40219.1
Project("{2150E333-8FDC-42A3-9474-1A3956D46DE8}") = "Components", "Components", "{C6D6C068-2C79-4132-8296-532D56B10CA2}"
EndProject
Project("{8BC9CEB8-8B4A-11D0-8D11-00A0C91BC942}") = "Enhancer", "Components\Enhancer\Enhancer.vcxproj", "{C2196CA1-0555-490C-A7ED-C043D1C89616}"
EndProject
Project("{8BC9CEB8-8B4A-11D0-8D11-00A0C91BC942}") = "Minutiae", "Components\Minutiae\Minutiae.vcxproj", "{A9A71486-92AE-43D6-A9C7-18C6B73CC4F9}"
EndProject
Project("{8BC9CEB8-8B4A-11D0-8D11-00A0C91BC942}") = "Segmentor", "Components\Segmentor\Segmentor.vcxproj", "{A6FAE963-6CAD-4FD7-BD2B-92CD4141E55E}"
EndProject
Project("{8BC9CEB8-8B4A-11D0-8D11-00A0C91BC942}") = "fingerprint-application", "fingerprint-application\fingerprint-application.vcxproj", "{8D22C8BB-140A-4233-AE15-7B0BC7BA3741}"
EndProject
Global
	GlobalSection(SolutionConfigurationPlatforms) = preSolution
		Debug|x64 = Debug|x64
		Debug|x86 = Debug|x86
		Release|x64 = Release|x64
		Release|x86 = Release|x86
	EndGlobalSection
	GlobalSection(ProjectConfigurationPlatforms) = postSolution
		{C2196CA1-0555-490C-A7ED-C043D1C89616}.Debug|x64.ActiveCfg = Debug|x64
		{C2196CA1-0555-490C-A7ED-C043D1C89616}.Debug|x64.Build.0 = Debug|x64
		{C2196CA1-0555-490C-A7ED-C043D1C89616}.Debug|x86.ActiveCfg = Debug|Win32
		{C2196CA1-0555-490C-A7ED-C043D1C89616}.Debug|x86.Build.0 = Debug|Win32
		{C2196CA1-0555-490C-A7ED-C043D1C89616}.Release|x64.ActiveCfg = Release|x64
		{C2196CA1-0555-490C-A7ED-C043D1C89616}.Release|x64.Build.0 = Release|x64
		{C2196CA1-0555-490C-A7ED-C043D1C89616}.Release|x86.ActiveCfg = Release|Win32
		{C2196CA1-0555-490C-A7ED-C043D1C89616}.Release|x86.Build.0 = Release|Win32
		{A9A71486-92AE-43D6-A9C7-18C6B73CC4F9}.Debug|x64.ActiveCfg = Debug|x64
		{A9A71486-92AE-43D6-A9C7-18C6B73CC4F9}.Debug|x64.Build.0 = Debug|x64
		{A9A71486-92AE-43D6-A9C7-18C6B73CC4F9}.Debug|x86.ActiveCfg = Debug|Win32
		{A9A71486-92AE-43D6-A9C7-18C6B73CC4F9}.Debug|x86.Build.0 = Debug|Win32
		{A9A71486-92AE-43D6-A9C7-18C6B73CC4F9}.Release|x64.ActiveCfg = Release|x64
		{A9A71486-92AE-43D6-A9C7-18C6B73CC4F9}.Release|x64.Build.0 = Release|x64
		{A9A71486-92AE-43D6-A9C7-18C6B73CC4F9}.Release|x86.ActiveCfg = Release|Win32
		{A9A71486-92AE-43D6-A9C7-18C6B73CC4F9}.Release|x86.Build.0 = Release|Win32
		{A6FAE963-6CAD-4FD7-BD2B-92CD4141E55E}.Debug|x64.ActiveCfg = Debug|x64
		{A6FAE963-6CAD-4FD7-BD2B-92CD4141E55E}.Debug|x64.Build.0 = Debug|x64
		{A6FAE963-6CAD-4FD7-BD2B-92CD4141E55E}.Debug|x86.ActiveCfg = Debug|Win32
		{A6FAE963-6CAD-4FD7-BD2B-92CD4141E55E}.Debug|x86.Build.0 = Debug|Win32
		{A6FAE963-6CAD-4FD7-BD2B-92CD4141E55E}.Release|x64.ActiveCfg = Release|x64
		{A6FAE963-6CAD-4FD7-BD2B-92CD4141E55E}.Release|x64.Build.0 = Release|x64
		{A6FAE963-6CAD-4FD7-BD2B-92CD4141E55E}.Release|x86.ActiveCfg = Release|Win32
		{A6FAE963-6CAD-4FD7-BD2B-92CD4141E55E}.Release|x86.Build.0 = Release|Win32
		{8D22C8BB-140A-4233-AE15-7B0BC7BA3741}.Debug|x64.ActiveCfg = Debug|x64
		{8D22C8BB-140A-4233-AE15-7B0BC7BA3741}.Debug|x64.Build.0 = Debug|x64
		{8D22C8BB-140A-4233-AE15-7B0BC7BA3741}.Debug|x86.ActiveCfg = Debug|Win32
		{8D22C8BB-140A-4233-AE15-7B0BC7BA3741}.Debug|x86.Build.0 = Debug|Win32
		{8D22C8BB-140A-4233-AE15-7B0BC7BA3741}.Release|x64.ActiveCfg = Release|x64
		{8D22C8BB-140A-4233-AE15-7B0BC7BA3741}.Release|x64.Build.0 = Release|x64
		{8D22C8BB-140A-4233-AE15-7B0BC7BA3741}.Release|x86.ActiveCfg = Release|Win32
		{8D22C8BB-140A-4233-AE15-7B0BC7BA3741}.Release|x86.Build.0 = Release|Win32
	EndGlobalSection
	GlobalSection(SolutionProperties) = preSolution
		HideSolutionNode = FALSE
	EndGlobalSection
	GlobalSection(NestedProjects) = preSolution
		{C2196CA1-0555-490C-A7ED-C043D1C89616} = {C6D6C068-2C79-4132-8296-532D56B10CA2}
		{A9A71486-92AE-43D6-A9C7-18C6B73CC4F9} = {C6D6C068-2C79-4132-8296-532D56B10CA2}
		{A6FAE963-6CAD-4FD7-BD2B-92CD4141E55E} = {C6D6C068-2C79-4132-8296-532D56B10CA2}
	EndGlobalSection
EndGlobal
